
Microsoft Visual Studio Solution File, Format Version 12.00
# Visual Studio Version 17
VisualStudioVersion = 17.10.34928.147
MinimumVisualStudioVersion = 10.0.40219.1
Project("{FAE04EC0-301F-11D3-BF4B-00C04F79EFBC}") = "library", "library\library.csproj", "{0F978E1F-656C-480B-883B-00A0906DF6D6}"
EndProject
Global
	GlobalSection(SolutionConfigurationPlatforms) = preSolution
		Debug|Any CPU = Debug|Any CPU
		Release|Any CPU = Release|Any CPU
	EndGlobalSection
	GlobalSection(ProjectConfigurationPlatforms) = postSolution
		{0F978E1F-656C-480B-883B-00A0906DF6D6}.Debug|Any CPU.ActiveCfg = Debug|Any CPU
		{0F978E1F-656C-480B-883B-00A0906DF6D6}.Debug|Any CPU.Build.0 = Debug|Any CPU
		{0F978E1F-656C-480B-883B-00A0906DF6D6}.Release|Any CPU.ActiveCfg = Release|Any CPU
		{0F978E1F-656C-480B-883B-00A0906DF6D6}.Release|Any CPU.Build.0 = Release|Any CPU
	EndGlobalSection
	GlobalSection(SolutionProperties) = preSolution
		HideSolutionNode = FALSE
	EndGlobalSection
	GlobalSection(ExtensibilityGlobals) = postSolution
		SolutionGuid = {4A936743-76BA-4E8C-A35D-42C596426FD6}
	EndGlobalSection
EndGlobal
